
Microsoft Visual Studio Solution File, Format Version 12.00
# Visual Studio Version 16
VisualStudioVersion = 16.0.31702.278
MinimumVisualStudioVersion = 10.0.40219.1
Project("{FAE04EC0-301F-11D3-BF4B-00C04F79EFBC}") = "BarkingDogsInterfacePractise", "BarkingDogsInterfacePractise\BarkingDogsInterfacePractise.csproj", "{A62ED60F-0B3A-4727-B283-056A3A5413F6}"
EndProject
Global
	GlobalSection(SolutionConfigurationPlatforms) = preSolution
		Debug|Any CPU = Debug|Any CPU
		Release|Any CPU = Release|Any CPU
	EndGlobalSection
	GlobalSection(ProjectConfigurationPlatforms) = postSolution
		{A62ED60F-0B3A-4727-B283-056A3A5413F6}.Debug|Any CPU.ActiveCfg = Debug|Any CPU
		{A62ED60F-0B3A-4727-B283-056A3A5413F6}.Debug|Any CPU.Build.0 = Debug|Any CPU
		{A62ED60F-0B3A-4727-B283-056A3A5413F6}.Release|Any CPU.ActiveCfg = Release|Any CPU
		{A62ED60F-0B3A-4727-B283-056A3A5413F6}.Release|Any CPU.Build.0 = Release|Any CPU
	EndGlobalSection
	GlobalSection(SolutionProperties) = preSolution
		HideSolutionNode = FALSE
	EndGlobalSection
	GlobalSection(ExtensibilityGlobals) = postSolution
		SolutionGuid = {0ADEC851-41CB-411D-81C4-6A17D2A889B2}
	EndGlobalSection
EndGlobal
